// !$*UTF8*$!
{
	archiveVersion = 1;
	classes = {
	};
	objectVersion = 56;
	objects = {

/* Begin PBXBuildFile section */
		7167E9932BAEEC35003C0A0F /* Project_MoneyHiveApp.swift in Sources */ = {isa = PBXBuildFile; fileRef = 7167E9922BAEEC35003C0A0F /* Project_MoneyHiveApp.swift */; };
		7167E9952BAEEC35003C0A0F /* MainView.swift in Sources */ = {isa = PBXBuildFile; fileRef = 7167E9942BAEEC35003C0A0F /* MainView.swift */; };
		7167E9972BAEEC36003C0A0F /* Assets.xcassets in Resources */ = {isa = PBXBuildFile; fileRef = 7167E9962BAEEC36003C0A0F /* Assets.xcassets */; };
		7167E99A2BAEEC36003C0A0F /* Preview Assets.xcassets in Resources */ = {isa = PBXBuildFile; fileRef = 7167E9992BAEEC36003C0A0F /* Preview Assets.xcassets */; };
		7167E9A42BAEEC36003C0A0F /* Project_MoneyHiveTests.swift in Sources */ = {isa = PBXBuildFile; fileRef = 7167E9A32BAEEC36003C0A0F /* Project_MoneyHiveTests.swift */; };
		7167E9AE2BAEEC36003C0A0F /* Project_MoneyHiveUITests.swift in Sources */ = {isa = PBXBuildFile; fileRef = 7167E9AD2BAEEC36003C0A0F /* Project_MoneyHiveUITests.swift */; };
		7167E9B02BAEEC36003C0A0F /* Project_MoneyHiveUITestsLaunchTests.swift in Sources */ = {isa = PBXBuildFile; fileRef = 7167E9AF2BAEEC36003C0A0F /* Project_MoneyHiveUITestsLaunchTests.swift */; };
		7167E9BD2BAEEFA4003C0A0F /* TemplateView.swift in Sources */ = {isa = PBXBuildFile; fileRef = 7167E9BC2BAEEFA4003C0A0F /* TemplateView.swift */; };
		71847AB52BAF58A4007890F7 /* InriaSans-Bold.ttf in Resources */ = {isa = PBXBuildFile; fileRef = 71847AAF2BAF58A4007890F7 /* InriaSans-Bold.ttf */; };
		71847AB62BAF58A4007890F7 /* InriaSans-LightItalic.ttf in Resources */ = {isa = PBXBuildFile; fileRef = 71847AB02BAF58A4007890F7 /* InriaSans-LightItalic.ttf */; };
		71847AB72BAF58A4007890F7 /* InriaSans-Light.ttf in Resources */ = {isa = PBXBuildFile; fileRef = 71847AB12BAF58A4007890F7 /* InriaSans-Light.ttf */; };
		71847AB82BAF58A4007890F7 /* InriaSans-Regular.ttf in Resources */ = {isa = PBXBuildFile; fileRef = 71847AB22BAF58A4007890F7 /* InriaSans-Regular.ttf */; };
		71847AB92BAF58A4007890F7 /* InriaSans-BoldItalic.ttf in Resources */ = {isa = PBXBuildFile; fileRef = 71847AB32BAF58A4007890F7 /* InriaSans-BoldItalic.ttf */; };
		71847ABA2BAF58A4007890F7 /* InriaSans-Italic.ttf in Resources */ = {isa = PBXBuildFile; fileRef = 71847AB42BAF58A4007890F7 /* InriaSans-Italic.ttf */; };
		71847ABE2BAF5CCC007890F7 /* ColorExtension.swift in Sources */ = {isa = PBXBuildFile; fileRef = 71847ABD2BAF5CCC007890F7 /* ColorExtension.swift */; };
		71847AC02BAF6150007890F7 /* GuideView1.swift in Sources */ = {isa = PBXBuildFile; fileRef = 71847ABF2BAF6150007890F7 /* GuideView1.swift */; };
		71847AC22BAF6C98007890F7 /* GuideView2.swift in Sources */ = {isa = PBXBuildFile; fileRef = 71847AC12BAF6C98007890F7 /* GuideView2.swift */; };
		71847AC42BAF6CC0007890F7 /* GuideView3.swift in Sources */ = {isa = PBXBuildFile; fileRef = 71847AC32BAF6CC0007890F7 /* GuideView3.swift */; };
		71847AC62BAF6D91007890F7 /* GuideView4.swift in Sources */ = {isa = PBXBuildFile; fileRef = 71847AC52BAF6D91007890F7 /* GuideView4.swift */; };
		71847ACA2BAF86F7007890F7 /* AddButton.swift in Sources */ = {isa = PBXBuildFile; fileRef = 71847AC92BAF86F7007890F7 /* AddButton.swift */; };
		71847ACD2BAF88EA007890F7 /* HomeView.swift in Sources */ = {isa = PBXBuildFile; fileRef = 71847ACC2BAF88EA007890F7 /* HomeView.swift */; };
		71847AD02BAF8900007890F7 /* OverviewView.swift in Sources */ = {isa = PBXBuildFile; fileRef = 71847ACF2BAF8900007890F7 /* OverviewView.swift */; };
		71847AD22BAF8907007890F7 /* SettingsView.swift in Sources */ = {isa = PBXBuildFile; fileRef = 71847AD12BAF8907007890F7 /* SettingsView.swift */; };
		71847AD42BAF890E007890F7 /* ProfileView.swift in Sources */ = {isa = PBXBuildFile; fileRef = 71847AD32BAF890E007890F7 /* ProfileView.swift */; };
		71847AD82BAF948C007890F7 /* CustomTabBar.swift in Sources */ = {isa = PBXBuildFile; fileRef = 71847AD72BAF948C007890F7 /* CustomTabBar.swift */; };
		71847ADC2BB08E9E007890F7 /* NewExpenseView.swift in Sources */ = {isa = PBXBuildFile; fileRef = 71847ADB2BB08E9E007890F7 /* NewExpenseView.swift */; };
/* End PBXBuildFile section */

/* Begin PBXContainerItemProxy section */
		7167E9A02BAEEC36003C0A0F /* PBXContainerItemProxy */ = {
			isa = PBXContainerItemProxy;
			containerPortal = 7167E9872BAEEC35003C0A0F /* Project object */;
			proxyType = 1;
			remoteGlobalIDString = 7167E98E2BAEEC35003C0A0F;
			remoteInfo = "Project MoneyHive";
		};
		7167E9AA2BAEEC36003C0A0F /* PBXContainerItemProxy */ = {
			isa = PBXContainerItemProxy;
			containerPortal = 7167E9872BAEEC35003C0A0F /* Project object */;
			proxyType = 1;
			remoteGlobalIDString = 7167E98E2BAEEC35003C0A0F;
			remoteInfo = "Project MoneyHive";
		};
/* End PBXContainerItemProxy section */

/* Begin PBXFileReference section */
		7167E98F2BAEEC35003C0A0F /* Project MoneyHive.app */ = {isa = PBXFileReference; explicitFileType = wrapper.application; includeInIndex = 0; path = "Project MoneyHive.app"; sourceTree = BUILT_PRODUCTS_DIR; };
		7167E9922BAEEC35003C0A0F /* Project_MoneyHiveApp.swift */ = {isa = PBXFileReference; lastKnownFileType = sourcecode.swift; path = Project_MoneyHiveApp.swift; sourceTree = "<group>"; };
		7167E9942BAEEC35003C0A0F /* MainView.swift */ = {isa = PBXFileReference; lastKnownFileType = sourcecode.swift; path = MainView.swift; sourceTree = "<group>"; };
		7167E9962BAEEC36003C0A0F /* Assets.xcassets */ = {isa = PBXFileReference; lastKnownFileType = folder.assetcatalog; path = Assets.xcassets; sourceTree = "<group>"; };
		7167E9992BAEEC36003C0A0F /* Preview Assets.xcassets */ = {isa = PBXFileReference; lastKnownFileType = folder.assetcatalog; path = "Preview Assets.xcassets"; sourceTree = "<group>"; };
		7167E99F2BAEEC36003C0A0F /* Project MoneyHiveTests.xctest */ = {isa = PBXFileReference; explicitFileType = wrapper.cfbundle; includeInIndex = 0; path = "Project MoneyHiveTests.xctest"; sourceTree = BUILT_PRODUCTS_DIR; };
		7167E9A32BAEEC36003C0A0F /* Project_MoneyHiveTests.swift */ = {isa = PBXFileReference; lastKnownFileType = sourcecode.swift; path = Project_MoneyHiveTests.swift; sourceTree = "<group>"; };
		7167E9A92BAEEC36003C0A0F /* Project MoneyHiveUITests.xctest */ = {isa = PBXFileReference; explicitFileType = wrapper.cfbundle; includeInIndex = 0; path = "Project MoneyHiveUITests.xctest"; sourceTree = BUILT_PRODUCTS_DIR; };
		7167E9AD2BAEEC36003C0A0F /* Project_MoneyHiveUITests.swift */ = {isa = PBXFileReference; lastKnownFileType = sourcecode.swift; path = Project_MoneyHiveUITests.swift; sourceTree = "<group>"; };
		7167E9AF2BAEEC36003C0A0F /* Project_MoneyHiveUITestsLaunchTests.swift */ = {isa = PBXFileReference; lastKnownFileType = sourcecode.swift; path = Project_MoneyHiveUITestsLaunchTests.swift; sourceTree = "<group>"; };
		7167E9BC2BAEEFA4003C0A0F /* TemplateView.swift */ = {isa = PBXFileReference; lastKnownFileType = sourcecode.swift; path = TemplateView.swift; sourceTree = "<group>"; };
		71847AAF2BAF58A4007890F7 /* InriaSans-Bold.ttf */ = {isa = PBXFileReference; lastKnownFileType = file; path = "InriaSans-Bold.ttf"; sourceTree = "<group>"; };
		71847AB02BAF58A4007890F7 /* InriaSans-LightItalic.ttf */ = {isa = PBXFileReference; lastKnownFileType = file; path = "InriaSans-LightItalic.ttf"; sourceTree = "<group>"; };
		71847AB12BAF58A4007890F7 /* InriaSans-Light.ttf */ = {isa = PBXFileReference; lastKnownFileType = file; path = "InriaSans-Light.ttf"; sourceTree = "<group>"; };
		71847AB22BAF58A4007890F7 /* InriaSans-Regular.ttf */ = {isa = PBXFileReference; lastKnownFileType = file; path = "InriaSans-Regular.ttf"; sourceTree = "<group>"; };
		71847AB32BAF58A4007890F7 /* InriaSans-BoldItalic.ttf */ = {isa = PBXFileReference; lastKnownFileType = file; path = "InriaSans-BoldItalic.ttf"; sourceTree = "<group>"; };
		71847AB42BAF58A4007890F7 /* InriaSans-Italic.ttf */ = {isa = PBXFileReference; lastKnownFileType = file; path = "InriaSans-Italic.ttf"; sourceTree = "<group>"; };
		71847ABD2BAF5CCC007890F7 /* ColorExtension.swift */ = {isa = PBXFileReference; lastKnownFileType = sourcecode.swift; path = ColorExtension.swift; sourceTree = "<group>"; };
		71847ABF2BAF6150007890F7 /* GuideView1.swift */ = {isa = PBXFileReference; lastKnownFileType = sourcecode.swift; path = GuideView1.swift; sourceTree = "<group>"; };
		71847AC12BAF6C98007890F7 /* GuideView2.swift */ = {isa = PBXFileReference; lastKnownFileType = sourcecode.swift; path = GuideView2.swift; sourceTree = "<group>"; };
		71847AC32BAF6CC0007890F7 /* GuideView3.swift */ = {isa = PBXFileReference; lastKnownFileType = sourcecode.swift; path = GuideView3.swift; sourceTree = "<group>"; };
		71847AC52BAF6D91007890F7 /* GuideView4.swift */ = {isa = PBXFileReference; lastKnownFileType = sourcecode.swift; path = GuideView4.swift; sourceTree = "<group>"; };
		71847AC92BAF86F7007890F7 /* AddButton.swift */ = {isa = PBXFileReference; lastKnownFileType = sourcecode.swift; path = AddButton.swift; sourceTree = "<group>"; };
		71847ACC2BAF88EA007890F7 /* HomeView.swift */ = {isa = PBXFileReference; lastKnownFileType = sourcecode.swift; path = HomeView.swift; sourceTree = "<group>"; };
		71847ACF2BAF8900007890F7 /* OverviewView.swift */ = {isa = PBXFileReference; lastKnownFileType = sourcecode.swift; path = OverviewView.swift; sourceTree = "<group>"; };
		71847AD12BAF8907007890F7 /* SettingsView.swift */ = {isa = PBXFileReference; lastKnownFileType = sourcecode.swift; path = SettingsView.swift; sourceTree = "<group>"; };
		71847AD32BAF890E007890F7 /* ProfileView.swift */ = {isa = PBXFileReference; lastKnownFileType = sourcecode.swift; path = ProfileView.swift; sourceTree = "<group>"; };
		71847AD72BAF948C007890F7 /* CustomTabBar.swift */ = {isa = PBXFileReference; lastKnownFileType = sourcecode.swift; path = CustomTabBar.swift; sourceTree = "<group>"; };
		71847ADB2BB08E9E007890F7 /* NewExpenseView.swift */ = {isa = PBXFileReference; lastKnownFileType = sourcecode.swift; path = NewExpenseView.swift; sourceTree = "<group>"; };
/* End PBXFileReference section */

/* Begin PBXFrameworksBuildPhase section */
		7167E98C2BAEEC35003C0A0F /* Frameworks */ = {
			isa = PBXFrameworksBuildPhase;
			buildActionMask = 2147483647;
			files = (
			);
			runOnlyForDeploymentPostprocessing = 0;
		};
		7167E99C2BAEEC36003C0A0F /* Frameworks */ = {
			isa = PBXFrameworksBuildPhase;
			buildActionMask = 2147483647;
			files = (
			);
			runOnlyForDeploymentPostprocessing = 0;
		};
		7167E9A62BAEEC36003C0A0F /* Frameworks */ = {
			isa = PBXFrameworksBuildPhase;
			buildActionMask = 2147483647;
			files = (
			);
			runOnlyForDeploymentPostprocessing = 0;
		};
/* End PBXFrameworksBuildPhase section */

/* Begin PBXGroup section */
		7167E9862BAEEC35003C0A0F = {
			isa = PBXGroup;
			children = (
				7167E9912BAEEC35003C0A0F /* Project MoneyHive */,
				7167E9A22BAEEC36003C0A0F /* Project MoneyHiveTests */,
				7167E9AC2BAEEC36003C0A0F /* Project MoneyHiveUITests */,
				7167E9902BAEEC35003C0A0F /* Products */,
			);
			sourceTree = "<group>";
		};
		7167E9902BAEEC35003C0A0F /* Products */ = {
			isa = PBXGroup;
			children = (
				7167E98F2BAEEC35003C0A0F /* Project MoneyHive.app */,
				7167E99F2BAEEC36003C0A0F /* Project MoneyHiveTests.xctest */,
				7167E9A92BAEEC36003C0A0F /* Project MoneyHiveUITests.xctest */,
			);
			name = Products;
			sourceTree = "<group>";
		};
		7167E9912BAEEC35003C0A0F /* Project MoneyHive */ = {
			isa = PBXGroup;
			children = (
				71847AC72BAF8673007890F7 /* App */,
				71847ABC2BAF5CB7007890F7 /* Extensions */,
				71847AAD2BAF5876007890F7 /* Fonts */,
				7167E9BE2BAF542C003C0A0F /* First Guide */,
				7167E9962BAEEC36003C0A0F /* Assets.xcassets */,
				7167E9982BAEEC36003C0A0F /* Preview Content */,
			);
			path = "Project MoneyHive";
			sourceTree = "<group>";
		};
		7167E9982BAEEC36003C0A0F /* Preview Content */ = {
			isa = PBXGroup;
			children = (
				7167E9992BAEEC36003C0A0F /* Preview Assets.xcassets */,
			);
			path = "Preview Content";
			sourceTree = "<group>";
		};
		7167E9A22BAEEC36003C0A0F /* Project MoneyHiveTests */ = {
			isa = PBXGroup;
			children = (
				7167E9A32BAEEC36003C0A0F /* Project_MoneyHiveTests.swift */,
			);
			path = "Project MoneyHiveTests";
			sourceTree = "<group>";
		};
		7167E9AC2BAEEC36003C0A0F /* Project MoneyHiveUITests */ = {
			isa = PBXGroup;
			children = (
				7167E9AD2BAEEC36003C0A0F /* Project_MoneyHiveUITests.swift */,
				7167E9AF2BAEEC36003C0A0F /* Project_MoneyHiveUITestsLaunchTests.swift */,
			);
			path = "Project MoneyHiveUITests";
			sourceTree = "<group>";
		};
		7167E9BE2BAF542C003C0A0F /* First Guide */ = {
			isa = PBXGroup;
			children = (
				7167E9BC2BAEEFA4003C0A0F /* TemplateView.swift */,
				71847ABF2BAF6150007890F7 /* GuideView1.swift */,
				71847AC12BAF6C98007890F7 /* GuideView2.swift */,
				71847AC32BAF6CC0007890F7 /* GuideView3.swift */,
				71847AC52BAF6D91007890F7 /* GuideView4.swift */,
			);
			path = "First Guide";
			sourceTree = "<group>";
		};
		71847AAD2BAF5876007890F7 /* Fonts */ = {
			isa = PBXGroup;
			children = (
				71847AAE2BAF587B007890F7 /* InriaSans */,
			);
			path = Fonts;
			sourceTree = "<group>";
		};
		71847AAE2BAF587B007890F7 /* InriaSans */ = {
			isa = PBXGroup;
			children = (
				71847AAF2BAF58A4007890F7 /* InriaSans-Bold.ttf */,
				71847AB32BAF58A4007890F7 /* InriaSans-BoldItalic.ttf */,
				71847AB42BAF58A4007890F7 /* InriaSans-Italic.ttf */,
				71847AB12BAF58A4007890F7 /* InriaSans-Light.ttf */,
				71847AB02BAF58A4007890F7 /* InriaSans-LightItalic.ttf */,
				71847AB22BAF58A4007890F7 /* InriaSans-Regular.ttf */,
			);
			path = InriaSans;
			sourceTree = "<group>";
		};
		71847ABC2BAF5CB7007890F7 /* Extensions */ = {
			isa = PBXGroup;
			children = (
				71847ABD2BAF5CCC007890F7 /* ColorExtension.swift */,
			);
			path = Extensions;
			sourceTree = "<group>";
		};
		71847AC72BAF8673007890F7 /* App */ = {
			isa = PBXGroup;
			children = (
				71847AC82BAF86CA007890F7 /* Components */,
				7167E9922BAEEC35003C0A0F /* Project_MoneyHiveApp.swift */,
				7167E9942BAEEC35003C0A0F /* MainView.swift */,
				71847ACB2BAF88DC007890F7 /* Sections */,
			);
			path = App;
			sourceTree = "<group>";
		};
		71847AC82BAF86CA007890F7 /* Components */ = {
			isa = PBXGroup;
			children = (
				71847AC92BAF86F7007890F7 /* AddButton.swift */,
				71847AD72BAF948C007890F7 /* CustomTabBar.swift */,
			);
			path = Components;
			sourceTree = "<group>";
		};
		71847ACB2BAF88DC007890F7 /* Sections */ = {
			isa = PBXGroup;
			children = (
				71847ACC2BAF88EA007890F7 /* HomeView.swift */,
				71847ACF2BAF8900007890F7 /* OverviewView.swift */,
				71847ADB2BB08E9E007890F7 /* NewExpenseView.swift */,
				71847AD12BAF8907007890F7 /* SettingsView.swift */,
				71847AD32BAF890E007890F7 /* ProfileView.swift */,
			);
			path = Sections;
			sourceTree = "<group>";
		};
/* End PBXGroup section */

/* Begin PBXNativeTarget section */
		7167E98E2BAEEC35003C0A0F /* Project MoneyHive */ = {
			isa = PBXNativeTarget;
			buildConfigurationList = 7167E9B32BAEEC36003C0A0F /* Build configuration list for PBXNativeTarget "Project MoneyHive" */;
			buildPhases = (
				7167E98B2BAEEC35003C0A0F /* Sources */,
				7167E98C2BAEEC35003C0A0F /* Frameworks */,
				7167E98D2BAEEC35003C0A0F /* Resources */,
			);
			buildRules = (
			);
			dependencies = (
			);
			name = "Project MoneyHive";
			productName = "Project MoneyHive";
			productReference = 7167E98F2BAEEC35003C0A0F /* Project MoneyHive.app */;
			productType = "com.apple.product-type.application";
		};
		7167E99E2BAEEC36003C0A0F /* Project MoneyHiveTests */ = {
			isa = PBXNativeTarget;
			buildConfigurationList = 7167E9B62BAEEC36003C0A0F /* Build configuration list for PBXNativeTarget "Project MoneyHiveTests" */;
			buildPhases = (
				7167E99B2BAEEC36003C0A0F /* Sources */,
				7167E99C2BAEEC36003C0A0F /* Frameworks */,
				7167E99D2BAEEC36003C0A0F /* Resources */,
			);
			buildRules = (
			);
			dependencies = (
				7167E9A12BAEEC36003C0A0F /* PBXTargetDependency */,
			);
			name = "Project MoneyHiveTests";
			productName = "Project MoneyHiveTests";
			productReference = 7167E99F2BAEEC36003C0A0F /* Project MoneyHiveTests.xctest */;
			productType = "com.apple.product-type.bundle.unit-test";
		};
		7167E9A82BAEEC36003C0A0F /* Project MoneyHiveUITests */ = {
			isa = PBXNativeTarget;
			buildConfigurationList = 7167E9B92BAEEC36003C0A0F /* Build configuration list for PBXNativeTarget "Project MoneyHiveUITests" */;
			buildPhases = (
				7167E9A52BAEEC36003C0A0F /* Sources */,
				7167E9A62BAEEC36003C0A0F /* Frameworks */,
				7167E9A72BAEEC36003C0A0F /* Resources */,
			);
			buildRules = (
			);
			dependencies = (
				7167E9AB2BAEEC36003C0A0F /* PBXTargetDependency */,
			);
			name = "Project MoneyHiveUITests";
			productName = "Project MoneyHiveUITests";
			productReference = 7167E9A92BAEEC36003C0A0F /* Project MoneyHiveUITests.xctest */;
			productType = "com.apple.product-type.bundle.ui-testing";
		};
/* End PBXNativeTarget section */

/* Begin PBXProject section */
		7167E9872BAEEC35003C0A0F /* Project object */ = {
			isa = PBXProject;
			attributes = {
				BuildIndependentTargetsInParallel = 1;
				LastSwiftUpdateCheck = 1530;
				LastUpgradeCheck = 1530;
				TargetAttributes = {
					7167E98E2BAEEC35003C0A0F = {
						CreatedOnToolsVersion = 15.3;
					};
					7167E99E2BAEEC36003C0A0F = {
						CreatedOnToolsVersion = 15.3;
						TestTargetID = 7167E98E2BAEEC35003C0A0F;
					};
					7167E9A82BAEEC36003C0A0F = {
						CreatedOnToolsVersion = 15.3;
						TestTargetID = 7167E98E2BAEEC35003C0A0F;
					};
				};
			};
			buildConfigurationList = 7167E98A2BAEEC35003C0A0F /* Build configuration list for PBXProject "Project MoneyHive" */;
			compatibilityVersion = "Xcode 14.0";
			developmentRegion = en;
			hasScannedForEncodings = 0;
			knownRegions = (
				en,
				Base,
			);
			mainGroup = 7167E9862BAEEC35003C0A0F;
			productRefGroup = 7167E9902BAEEC35003C0A0F /* Products */;
			projectDirPath = "";
			projectRoot = "";
			targets = (
				7167E98E2BAEEC35003C0A0F /* Project MoneyHive */,
				7167E99E2BAEEC36003C0A0F /* Project MoneyHiveTests */,
				7167E9A82BAEEC36003C0A0F /* Project MoneyHiveUITests */,
			);
		};
/* End PBXProject section */

/* Begin PBXResourcesBuildPhase section */
		7167E98D2BAEEC35003C0A0F /* Resources */ = {
			isa = PBXResourcesBuildPhase;
			buildActionMask = 2147483647;
			files = (
				71847AB62BAF58A4007890F7 /* InriaSans-LightItalic.ttf in Resources */,
				7167E99A2BAEEC36003C0A0F /* Preview Assets.xcassets in Resources */,
				7167E9972BAEEC36003C0A0F /* Assets.xcassets in Resources */,
				71847ABA2BAF58A4007890F7 /* InriaSans-Italic.ttf in Resources */,
				71847AB52BAF58A4007890F7 /* InriaSans-Bold.ttf in Resources */,
				71847AB92BAF58A4007890F7 /* InriaSans-BoldItalic.ttf in Resources */,
				71847AB82BAF58A4007890F7 /* InriaSans-Regular.ttf in Resources */,
				71847AB72BAF58A4007890F7 /* InriaSans-Light.ttf in Resources */,
			);
			runOnlyForDeploymentPostprocessing = 0;
		};
		7167E99D2BAEEC36003C0A0F /* Resources */ = {
			isa = PBXResourcesBuildPhase;
			buildActionMask = 2147483647;
			files = (
			);
			runOnlyForDeploymentPostprocessing = 0;
		};
		7167E9A72BAEEC36003C0A0F /* Resources */ = {
			isa = PBXResourcesBuildPhase;
			buildActionMask = 2147483647;
			files = (
			);
			runOnlyForDeploymentPostprocessing = 0;
		};
/* End PBXResourcesBuildPhase section */

/* Begin PBXSourcesBuildPhase section */
		7167E98B2BAEEC35003C0A0F /* Sources */ = {
			isa = PBXSourcesBuildPhase;
			buildActionMask = 2147483647;
			files = (
				71847AC62BAF6D91007890F7 /* GuideView4.swift in Sources */,
				71847AD42BAF890E007890F7 /* ProfileView.swift in Sources */,
				71847AD82BAF948C007890F7 /* CustomTabBar.swift in Sources */,
				71847AC22BAF6C98007890F7 /* GuideView2.swift in Sources */,
				71847AC02BAF6150007890F7 /* GuideView1.swift in Sources */,
				71847ACD2BAF88EA007890F7 /* HomeView.swift in Sources */,
				71847ACA2BAF86F7007890F7 /* AddButton.swift in Sources */,
				7167E9952BAEEC35003C0A0F /* MainView.swift in Sources */,
				71847ADC2BB08E9E007890F7 /* NewExpenseView.swift in Sources */,
				7167E9BD2BAEEFA4003C0A0F /* TemplateView.swift in Sources */,
				7167E9932BAEEC35003C0A0F /* Project_MoneyHiveApp.swift in Sources */,
				71847ABE2BAF5CCC007890F7 /* ColorExtension.swift in Sources */,
				71847AD22BAF8907007890F7 /* SettingsView.swift in Sources */,
				71847AC42BAF6CC0007890F7 /* GuideView3.swift in Sources */,
				71847AD02BAF8900007890F7 /* OverviewView.swift in Sources */,
			);
			runOnlyForDeploymentPostprocessing = 0;
		};
		7167E99B2BAEEC36003C0A0F /* Sources */ = {
			isa = PBXSourcesBuildPhase;
			buildActionMask = 2147483647;
			files = (
				7167E9A42BAEEC36003C0A0F /* Project_MoneyHiveTests.swift in Sources */,
			);
			runOnlyForDeploymentPostprocessing = 0;
		};
		7167E9A52BAEEC36003C0A0F /* Sources */ = {
			isa = PBXSourcesBuildPhase;
			buildActionMask = 2147483647;
			files = (
				7167E9AE2BAEEC36003C0A0F /* Project_MoneyHiveUITests.swift in Sources */,
				7167E9B02BAEEC36003C0A0F /* Project_MoneyHiveUITestsLaunchTests.swift in Sources */,
			);
			runOnlyForDeploymentPostprocessing = 0;
		};
/* End PBXSourcesBuildPhase section */

/* Begin PBXTargetDependency section */
		7167E9A12BAEEC36003C0A0F /* PBXTargetDependency */ = {
			isa = PBXTargetDependency;
			target = 7167E98E2BAEEC35003C0A0F /* Project MoneyHive */;
			targetProxy = 7167E9A02BAEEC36003C0A0F /* PBXContainerItemProxy */;
		};
		7167E9AB2BAEEC36003C0A0F /* PBXTargetDependency */ = {
			isa = PBXTargetDependency;
			target = 7167E98E2BAEEC35003C0A0F /* Project MoneyHive */;
			targetProxy = 7167E9AA2BAEEC36003C0A0F /* PBXContainerItemProxy */;
		};
/* End PBXTargetDependency section */

/* Begin XCBuildConfiguration section */
		7167E9B12BAEEC36003C0A0F /* Debug */ = {
			isa = XCBuildConfiguration;
			buildSettings = {
				ALWAYS_SEARCH_USER_PATHS = NO;
				ASSETCATALOG_COMPILER_GENERATE_SWIFT_ASSET_SYMBOL_EXTENSIONS = YES;
				CLANG_ANALYZER_NONNULL = YES;
				CLANG_ANALYZER_NUMBER_OBJECT_CONVERSION = YES_AGGRESSIVE;
				CLANG_CXX_LANGUAGE_STANDARD = "gnu++20";
				CLANG_ENABLE_MODULES = YES;
				CLANG_ENABLE_OBJC_ARC = YES;
				CLANG_ENABLE_OBJC_WEAK = YES;
				CLANG_WARN_BLOCK_CAPTURE_AUTORELEASING = YES;
				CLANG_WARN_BOOL_CONVERSION = YES;
				CLANG_WARN_COMMA = YES;
				CLANG_WARN_CONSTANT_CONVERSION = YES;
				CLANG_WARN_DEPRECATED_OBJC_IMPLEMENTATIONS = YES;
				CLANG_WARN_DIRECT_OBJC_ISA_USAGE = YES_ERROR;
				CLANG_WARN_DOCUMENTATION_COMMENTS = YES;
				CLANG_WARN_EMPTY_BODY = YES;
				CLANG_WARN_ENUM_CONVERSION = YES;
				CLANG_WARN_INFINITE_RECURSION = YES;
				CLANG_WARN_INT_CONVERSION = YES;
				CLANG_WARN_NON_LITERAL_NULL_CONVERSION = YES;
				CLANG_WARN_OBJC_IMPLICIT_RETAIN_SELF = YES;
				CLANG_WARN_OBJC_LITERAL_CONVERSION = YES;
				CLANG_WARN_OBJC_ROOT_CLASS = YES_ERROR;
				CLANG_WARN_QUOTED_INCLUDE_IN_FRAMEWORK_HEADER = YES;
				CLANG_WARN_RANGE_LOOP_ANALYSIS = YES;
				CLANG_WARN_STRICT_PROTOTYPES = YES;
				CLANG_WARN_SUSPICIOUS_MOVE = YES;
				CLANG_WARN_UNGUARDED_AVAILABILITY = YES_AGGRESSIVE;
				CLANG_WARN_UNREACHABLE_CODE = YES;
				CLANG_WARN__DUPLICATE_METHOD_MATCH = YES;
				COPY_PHASE_STRIP = NO;
				DEBUG_INFORMATION_FORMAT = dwarf;
				ENABLE_STRICT_OBJC_MSGSEND = YES;
				ENABLE_TESTABILITY = YES;
				ENABLE_USER_SCRIPT_SANDBOXING = YES;
				GCC_C_LANGUAGE_STANDARD = gnu17;
				GCC_DYNAMIC_NO_PIC = NO;
				GCC_NO_COMMON_BLOCKS = YES;
				GCC_OPTIMIZATION_LEVEL = 0;
				GCC_PREPROCESSOR_DEFINITIONS = (
					"DEBUG=1",
					"$(inherited)",
				);
				GCC_WARN_64_TO_32_BIT_CONVERSION = YES;
				GCC_WARN_ABOUT_RETURN_TYPE = YES_ERROR;
				GCC_WARN_UNDECLARED_SELECTOR = YES;
				GCC_WARN_UNINITIALIZED_AUTOS = YES_AGGRESSIVE;
				GCC_WARN_UNUSED_FUNCTION = YES;
				GCC_WARN_UNUSED_VARIABLE = YES;
				IPHONEOS_DEPLOYMENT_TARGET = 17.4;
				LOCALIZATION_PREFERS_STRING_CATALOGS = YES;
				MTL_ENABLE_DEBUG_INFO = INCLUDE_SOURCE;
				MTL_FAST_MATH = YES;
				ONLY_ACTIVE_ARCH = YES;
				SDKROOT = iphoneos;
				SWIFT_ACTIVE_COMPILATION_CONDITIONS = "DEBUG $(inherited)";
				SWIFT_OPTIMIZATION_LEVEL = "-Onone";
			};
			name = Debug;
		};
		7167E9B22BAEEC36003C0A0F /* Release */ = {
			isa = XCBuildConfiguration;
			buildSettings = {
				ALWAYS_SEARCH_USER_PATHS = NO;
				ASSETCATALOG_COMPILER_GENERATE_SWIFT_ASSET_SYMBOL_EXTENSIONS = YES;
				CLANG_ANALYZER_NONNULL = YES;
				CLANG_ANALYZER_NUMBER_OBJECT_CONVERSION = YES_AGGRESSIVE;
				CLANG_CXX_LANGUAGE_STANDARD = "gnu++20";
				CLANG_ENABLE_MODULES = YES;
				CLANG_ENABLE_OBJC_ARC = YES;
				CLANG_ENABLE_OBJC_WEAK = YES;
				CLANG_WARN_BLOCK_CAPTURE_AUTORELEASING = YES;
				CLANG_WARN_BOOL_CONVERSION = YES;
				CLANG_WARN_COMMA = YES;
				CLANG_WARN_CONSTANT_CONVERSION = YES;
				CLANG_WARN_DEPRECATED_OBJC_IMPLEMENTATIONS = YES;
				CLANG_WARN_DIRECT_OBJC_ISA_USAGE = YES_ERROR;
				CLANG_WARN_DOCUMENTATION_COMMENTS = YES;
				CLANG_WARN_EMPTY_BODY = YES;
				CLANG_WARN_ENUM_CONVERSION = YES;
				CLANG_WARN_INFINITE_RECURSION = YES;
				CLANG_WARN_INT_CONVERSION = YES;
				CLANG_WARN_NON_LITERAL_NULL_CONVERSION = YES;
				CLANG_WARN_OBJC_IMPLICIT_RETAIN_SELF = YES;
				CLANG_WARN_OBJC_LITERAL_CONVERSION = YES;
				CLANG_WARN_OBJC_ROOT_CLASS = YES_ERROR;
				CLANG_WARN_QUOTED_INCLUDE_IN_FRAMEWORK_HEADER = YES;
				CLANG_WARN_RANGE_LOOP_ANALYSIS = YES;
				CLANG_WARN_STRICT_PROTOTYPES = YES;
				CLANG_WARN_SUSPICIOUS_MOVE = YES;
				CLANG_WARN_UNGUARDED_AVAILABILITY = YES_AGGRESSIVE;
				CLANG_WARN_UNREACHABLE_CODE = YES;
				CLANG_WARN__DUPLICATE_METHOD_MATCH = YES;
				COPY_PHASE_STRIP = NO;
				DEBUG_INFORMATION_FORMAT = "dwarf-with-dsym";
				ENABLE_NS_ASSERTIONS = NO;
				ENABLE_STRICT_OBJC_MSGSEND = YES;
				ENABLE_USER_SCRIPT_SANDBOXING = YES;
				GCC_C_LANGUAGE_STANDARD = gnu17;
				GCC_NO_COMMON_BLOCKS = YES;
				GCC_WARN_64_TO_32_BIT_CONVERSION = YES;
				GCC_WARN_ABOUT_RETURN_TYPE = YES_ERROR;
				GCC_WARN_UNDECLARED_SELECTOR = YES;
				GCC_WARN_UNINITIALIZED_AUTOS = YES_AGGRESSIVE;
				GCC_WARN_UNUSED_FUNCTION = YES;
				GCC_WARN_UNUSED_VARIABLE = YES;
				IPHONEOS_DEPLOYMENT_TARGET = 17.4;
				LOCALIZATION_PREFERS_STRING_CATALOGS = YES;
				MTL_ENABLE_DEBUG_INFO = NO;
				MTL_FAST_MATH = YES;
				SDKROOT = iphoneos;
				SWIFT_COMPILATION_MODE = wholemodule;
				VALIDATE_PRODUCT = YES;
			};
			name = Release;
		};
		7167E9B42BAEEC36003C0A0F /* Debug */ = {
			isa = XCBuildConfiguration;
			buildSettings = {
				ASSETCATALOG_COMPILER_APPICON_NAME = AppIcon;
				ASSETCATALOG_COMPILER_GLOBAL_ACCENT_COLOR_NAME = AccentColor;
				CODE_SIGN_STYLE = Automatic;
				CURRENT_PROJECT_VERSION = 1;
				DEVELOPMENT_ASSET_PATHS = "\"Project MoneyHive/Preview Content\"";
				DEVELOPMENT_TEAM = K9YT824399;
				ENABLE_PREVIEWS = YES;
				GENERATE_INFOPLIST_FILE = YES;
				INFOPLIST_FILE = "Project-MoneyHive-Info.plist";
				INFOPLIST_KEY_LSApplicationCategoryType = "";
				INFOPLIST_KEY_UIApplicationSceneManifest_Generation = YES;
				INFOPLIST_KEY_UIApplicationSupportsIndirectInputEvents = YES;
				INFOPLIST_KEY_UILaunchScreen_Generation = YES;
				INFOPLIST_KEY_UISupportedInterfaceOrientations_iPad = "UIInterfaceOrientationPortrait UIInterfaceOrientationPortraitUpsideDown UIInterfaceOrientationLandscapeLeft UIInterfaceOrientationLandscapeRight";
				INFOPLIST_KEY_UISupportedInterfaceOrientations_iPhone = "UIInterfaceOrientationPortrait UIInterfaceOrientationLandscapeLeft UIInterfaceOrientationLandscapeRight";
				LD_RUNPATH_SEARCH_PATHS = (
					"$(inherited)",
					"@executable_path/Frameworks",
				);
				MARKETING_VERSION = 1.0;
				PRODUCT_BUNDLE_IDENTIFIER = "com.vintuss.Project-MoneyHive";
				PRODUCT_NAME = "$(TARGET_NAME)";
				SWIFT_EMIT_LOC_STRINGS = YES;
				SWIFT_VERSION = 5.0;
				TARGETED_DEVICE_FAMILY = "1,2";
			};
			name = Debug;
		};
		7167E9B52BAEEC36003C0A0F /* Release */ = {
			isa = XCBuildConfiguration;
			buildSettings = {
				ASSETCATALOG_COMPILER_APPICON_NAME = AppIcon;
				ASSETCATALOG_COMPILER_GLOBAL_ACCENT_COLOR_NAME = AccentColor;
				CODE_SIGN_STYLE = Automatic;
				CURRENT_PROJECT_VERSION = 1;
				DEVELOPMENT_ASSET_PATHS = "\"Project MoneyHive/Preview Content\"";
				DEVELOPMENT_TEAM = K9YT824399;
				ENABLE_PREVIEWS = YES;
				GENERATE_INFOPLIST_FILE = YES;
				INFOPLIST_FILE = "Project-MoneyHive-Info.plist";
				INFOPLIST_KEY_LSApplicationCategoryType = "";
				INFOPLIST_KEY_UIApplicationSceneManifest_Generation = YES;
				INFOPLIST_KEY_UIApplicationSupportsIndirectInputEvents = YES;
				INFOPLIST_KEY_UILaunchScreen_Generation = YES;
				INFOPLIST_KEY_UISupportedInterfaceOrientations_iPad = "UIInterfaceOrientationPortrait UIInterfaceOrientationPortraitUpsideDown UIInterfaceOrientationLandscapeLeft UIInterfaceOrientationLandscapeRight";
				INFOPLIST_KEY_UISupportedInterfaceOrientations_iPhone = "UIInterfaceOrientationPortrait UIInterfaceOrientationLandscapeLeft UIInterfaceOrientationLandscapeRight";
				LD_RUNPATH_SEARCH_PATHS = (
					"$(inherited)",
					"@executable_path/Frameworks",
				);
				MARKETING_VERSION = 1.0;
				PRODUCT_BUNDLE_IDENTIFIER = "com.vintuss.Project-MoneyHive";
				PRODUCT_NAME = "$(TARGET_NAME)";
				SWIFT_EMIT_LOC_STRINGS = YES;
				SWIFT_VERSION = 5.0;
				TARGETED_DEVICE_FAMILY = "1,2";
			};
			name = Release;
		};
		7167E9B72BAEEC36003C0A0F /* Debug */ = {
			isa = XCBuildConfiguration;
			buildSettings = {
				ALWAYS_EMBED_SWIFT_STANDARD_LIBRARIES = YES;
				BUNDLE_LOADER = "$(TEST_HOST)";
				CODE_SIGN_STYLE = Automatic;
				CURRENT_PROJECT_VERSION = 1;
				DEVELOPMENT_TEAM = K9YT824399;
				GENERATE_INFOPLIST_FILE = YES;
				IPHONEOS_DEPLOYMENT_TARGET = 17.4;
				MARKETING_VERSION = 1.0;
				PRODUCT_BUNDLE_IDENTIFIER = "com.vintuss.Project-MoneyHiveTests";
				PRODUCT_NAME = "$(TARGET_NAME)";
				SWIFT_EMIT_LOC_STRINGS = NO;
				SWIFT_VERSION = 5.0;
				TARGETED_DEVICE_FAMILY = "1,2";
				TEST_HOST = "$(BUILT_PRODUCTS_DIR)/Project MoneyHive.app/$(BUNDLE_EXECUTABLE_FOLDER_PATH)/Project MoneyHive";
			};
			name = Debug;
		};
		7167E9B82BAEEC36003C0A0F /* Release */ = {
			isa = XCBuildConfiguration;
			buildSettings = {
				ALWAYS_EMBED_SWIFT_STANDARD_LIBRARIES = YES;
				BUNDLE_LOADER = "$(TEST_HOST)";
				CODE_SIGN_STYLE = Automatic;
				CURRENT_PROJECT_VERSION = 1;
				DEVELOPMENT_TEAM = K9YT824399;
				GENERATE_INFOPLIST_FILE = YES;
				IPHONEOS_DEPLOYMENT_TARGET = 17.4;
				MARKETING_VERSION = 1.0;
				PRODUCT_BUNDLE_IDENTIFIER = "com.vintuss.Project-MoneyHiveTests";
				PRODUCT_NAME = "$(TARGET_NAME)";
				SWIFT_EMIT_LOC_STRINGS = NO;
				SWIFT_VERSION = 5.0;
				TARGETED_DEVICE_FAMILY = "1,2";
				TEST_HOST = "$(BUILT_PRODUCTS_DIR)/Project MoneyHive.app/$(BUNDLE_EXECUTABLE_FOLDER_PATH)/Project MoneyHive";
			};
			name = Release;
		};
		7167E9BA2BAEEC36003C0A0F /* Debug */ = {
			isa = XCBuildConfiguration;
			buildSettings = {
				ALWAYS_EMBED_SWIFT_STANDARD_LIBRARIES = YES;
				CODE_SIGN_STYLE = Automatic;
				CURRENT_PROJECT_VERSION = 1;
				DEVELOPMENT_TEAM = K9YT824399;
				GENERATE_INFOPLIST_FILE = YES;
				MARKETING_VERSION = 1.0;
				PRODUCT_BUNDLE_IDENTIFIER = "com.vintuss.Project-MoneyHiveUITests";
				PRODUCT_NAME = "$(TARGET_NAME)";
				SWIFT_EMIT_LOC_STRINGS = NO;
				SWIFT_VERSION = 5.0;
				TARGETED_DEVICE_FAMILY = "1,2";
				TEST_TARGET_NAME = "Project MoneyHive";
			};
			name = Debug;
		};
		7167E9BB2BAEEC36003C0A0F /* Release */ = {
			isa = XCBuildConfiguration;
			buildSettings = {
				ALWAYS_EMBED_SWIFT_STANDARD_LIBRARIES = YES;
				CODE_SIGN_STYLE = Automatic;
				CURRENT_PROJECT_VERSION = 1;
				DEVELOPMENT_TEAM = K9YT824399;
				GENERATE_INFOPLIST_FILE = YES;
				MARKETING_VERSION = 1.0;
				PRODUCT_BUNDLE_IDENTIFIER = "com.vintuss.Project-MoneyHiveUITests";
				PRODUCT_NAME = "$(TARGET_NAME)";
				SWIFT_EMIT_LOC_STRINGS = NO;
				SWIFT_VERSION = 5.0;
				TARGETED_DEVICE_FAMILY = "1,2";
				TEST_TARGET_NAME = "Project MoneyHive";
			};
			name = Release;
		};
/* End XCBuildConfiguration section */

/* Begin XCConfigurationList section */
		7167E98A2BAEEC35003C0A0F /* Build configuration list for PBXProject "Project MoneyHive" */ = {
			isa = XCConfigurationList;
			buildConfigurations = (
				7167E9B12BAEEC36003C0A0F /* Debug */,
				7167E9B22BAEEC36003C0A0F /* Release */,
			);
			defaultConfigurationIsVisible = 0;
			defaultConfigurationName = Release;
		};
		7167E9B32BAEEC36003C0A0F /* Build configuration list for PBXNativeTarget "Project MoneyHive" */ = {
			isa = XCConfigurationList;
			buildConfigurations = (
				7167E9B42BAEEC36003C0A0F /* Debug */,
				7167E9B52BAEEC36003C0A0F /* Release */,
			);
			defaultConfigurationIsVisible = 0;
			defaultConfigurationName = Release;
		};
		7167E9B62BAEEC36003C0A0F /* Build configuration list for PBXNativeTarget "Project MoneyHiveTests" */ = {
			isa = XCConfigurationList;
			buildConfigurations = (
				7167E9B72BAEEC36003C0A0F /* Debug */,
				7167E9B82BAEEC36003C0A0F /* Release */,
			);
			defaultConfigurationIsVisible = 0;
			defaultConfigurationName = Release;
		};
		7167E9B92BAEEC36003C0A0F /* Build configuration list for PBXNativeTarget "Project MoneyHiveUITests" */ = {
			isa = XCConfigurationList;
			buildConfigurations = (
				7167E9BA2BAEEC36003C0A0F /* Debug */,
				7167E9BB2BAEEC36003C0A0F /* Release */,
			);
			defaultConfigurationIsVisible = 0;
			defaultConfigurationName = Release;
		};
/* End XCConfigurationList section */
	};
	rootObject = 7167E9872BAEEC35003C0A0F /* Project object */;
}
